// !$*UTF8*$!
{
	archiveVersion = 1;
	classes = {
	};
	objectVersion = 56;
	objects = {

/* Begin PBXBuildFile section */
		C39F7CEB2960516200FC4DB3 /* AppDelegate.swift in Sources */ = {isa = PBXBuildFile; fileRef = C39F7CEA2960516200FC4DB3 /* AppDelegate.swift */; };
		C39F7CED2960516200FC4DB3 /* SceneDelegate.swift in Sources */ = {isa = PBXBuildFile; fileRef = C39F7CEC2960516200FC4DB3 /* SceneDelegate.swift */; };
		C39F7CEF2960516200FC4DB3 /* ViewController.swift in Sources */ = {isa = PBXBuildFile; fileRef = C39F7CEE2960516200FC4DB3 /* ViewController.swift */; };
		C39F7CF22960516200FC4DB3 /* Main.storyboard in Resources */ = {isa = PBXBuildFile; fileRef = C39F7CF02960516200FC4DB3 /* Main.storyboard */; };
		C39F7CF42960516400FC4DB3 /* Assets.xcassets in Resources */ = {isa = PBXBuildFile; fileRef = C39F7CF32960516400FC4DB3 /* Assets.xcassets */; };
		C39F7CF72960516400FC4DB3 /* LaunchScreen.storyboard in Resources */ = {isa = PBXBuildFile; fileRef = C39F7CF52960516400FC4DB3 /* LaunchScreen.storyboard */; };
		C39F7D022960516400FC4DB3 /* ecommerce_htuTests.swift in Sources */ = {isa = PBXBuildFile; fileRef = C39F7D012960516400FC4DB3 /* ecommerce_htuTests.swift */; };
		C39F7D0C2960516400FC4DB3 /* ecommerce_htuUITests.swift in Sources */ = {isa = PBXBuildFile; fileRef = C39F7D0B2960516400FC4DB3 /* ecommerce_htuUITests.swift */; };
		C39F7D0E2960516400FC4DB3 /* ecommerce_htuUITestsLaunchTests.swift in Sources */ = {isa = PBXBuildFile; fileRef = C39F7D0D2960516400FC4DB3 /* ecommerce_htuUITestsLaunchTests.swift */; };
/* End PBXBuildFile section */

/* Begin PBXContainerItemProxy section */
		C39F7CFE2960516400FC4DB3 /* PBXContainerItemProxy */ = {
			isa = PBXContainerItemProxy;
			containerPortal = C39F7CDF2960516200FC4DB3 /* Project object */;
			proxyType = 1;
			remoteGlobalIDString = C39F7CE62960516200FC4DB3;
			remoteInfo = "ecommerce@htu";
		};
		C39F7D082960516400FC4DB3 /* PBXContainerItemProxy */ = {
			isa = PBXContainerItemProxy;
			containerPortal = C39F7CDF2960516200FC4DB3 /* Project object */;
			proxyType = 1;
			remoteGlobalIDString = C39F7CE62960516200FC4DB3;
			remoteInfo = "ecommerce@htu";
		};
/* End PBXContainerItemProxy section */

/* Begin PBXFileReference section */
		C39F7CE72960516200FC4DB3 /* ecommerce@htu.app */ = {isa = PBXFileReference; explicitFileType = wrapper.application; includeInIndex = 0; path = "ecommerce@htu.app"; sourceTree = BUILT_PRODUCTS_DIR; };
		C39F7CEA2960516200FC4DB3 /* AppDelegate.swift */ = {isa = PBXFileReference; lastKnownFileType = sourcecode.swift; path = AppDelegate.swift; sourceTree = "<group>"; };
		C39F7CEC2960516200FC4DB3 /* SceneDelegate.swift */ = {isa = PBXFileReference; lastKnownFileType = sourcecode.swift; path = SceneDelegate.swift; sourceTree = "<group>"; };
		C39F7CEE2960516200FC4DB3 /* ViewController.swift */ = {isa = PBXFileReference; lastKnownFileType = sourcecode.swift; path = ViewController.swift; sourceTree = "<group>"; };
		C39F7CF12960516200FC4DB3 /* Base */ = {isa = PBXFileReference; lastKnownFileType = file.storyboard; name = Base; path = Base.lproj/Main.storyboard; sourceTree = "<group>"; };
		C39F7CF32960516400FC4DB3 /* Assets.xcassets */ = {isa = PBXFileReference; lastKnownFileType = folder.assetcatalog; path = Assets.xcassets; sourceTree = "<group>"; };
		C39F7CF62960516400FC4DB3 /* Base */ = {isa = PBXFileReference; lastKnownFileType = file.storyboard; name = Base; path = Base.lproj/LaunchScreen.storyboard; sourceTree = "<group>"; };
		C39F7CF82960516400FC4DB3 /* Info.plist */ = {isa = PBXFileReference; lastKnownFileType = text.plist.xml; path = Info.plist; sourceTree = "<group>"; };
		C39F7CFD2960516400FC4DB3 /* ecommerce@htuTests.xctest */ = {isa = PBXFileReference; explicitFileType = wrapper.cfbundle; includeInIndex = 0; path = "ecommerce@htuTests.xctest"; sourceTree = BUILT_PRODUCTS_DIR; };
		C39F7D012960516400FC4DB3 /* ecommerce_htuTests.swift */ = {isa = PBXFileReference; lastKnownFileType = sourcecode.swift; path = ecommerce_htuTests.swift; sourceTree = "<group>"; };
		C39F7D072960516400FC4DB3 /* ecommerce@htuUITests.xctest */ = {isa = PBXFileReference; explicitFileType = wrapper.cfbundle; includeInIndex = 0; path = "ecommerce@htuUITests.xctest"; sourceTree = BUILT_PRODUCTS_DIR; };
		C39F7D0B2960516400FC4DB3 /* ecommerce_htuUITests.swift */ = {isa = PBXFileReference; lastKnownFileType = sourcecode.swift; path = ecommerce_htuUITests.swift; sourceTree = "<group>"; };
		C39F7D0D2960516400FC4DB3 /* ecommerce_htuUITestsLaunchTests.swift */ = {isa = PBXFileReference; lastKnownFileType = sourcecode.swift; path = ecommerce_htuUITestsLaunchTests.swift; sourceTree = "<group>"; };
/* End PBXFileReference section */

/* Begin PBXFrameworksBuildPhase section */
		C39F7CE42960516200FC4DB3 /* Frameworks */ = {
			isa = PBXFrameworksBuildPhase;
			buildActionMask = 2147483647;
			files = (
			);
			runOnlyForDeploymentPostprocessing = 0;
		};
		C39F7CFA2960516400FC4DB3 /* Frameworks */ = {
			isa = PBXFrameworksBuildPhase;
			buildActionMask = 2147483647;
			files = (
			);
			runOnlyForDeploymentPostprocessing = 0;
		};
		C39F7D042960516400FC4DB3 /* Frameworks */ = {
			isa = PBXFrameworksBuildPhase;
			buildActionMask = 2147483647;
			files = (
			);
			runOnlyForDeploymentPostprocessing = 0;
		};
/* End PBXFrameworksBuildPhase section */

/* Begin PBXGroup section */
		C39F7CDE2960516200FC4DB3 = {
			isa = PBXGroup;
			children = (
				C39F7CE92960516200FC4DB3 /* ecommerce@htu */,
				C39F7D002960516400FC4DB3 /* ecommerce@htuTests */,
				C39F7D0A2960516400FC4DB3 /* ecommerce@htuUITests */,
				C39F7CE82960516200FC4DB3 /* Products */,
			);
			sourceTree = "<group>";
		};
		C39F7CE82960516200FC4DB3 /* Products */ = {
			isa = PBXGroup;
			children = (
				C39F7CE72960516200FC4DB3 /* ecommerce@htu.app */,
				C39F7CFD2960516400FC4DB3 /* ecommerce@htuTests.xctest */,
				C39F7D072960516400FC4DB3 /* ecommerce@htuUITests.xctest */,
			);
			name = Products;
			sourceTree = "<group>";
		};
		C39F7CE92960516200FC4DB3 /* ecommerce@htu */ = {
			isa = PBXGroup;
			children = (
				C39F7CEA2960516200FC4DB3 /* AppDelegate.swift */,
				C39F7CEC2960516200FC4DB3 /* SceneDelegate.swift */,
				C39F7CEE2960516200FC4DB3 /* ViewController.swift */,
				C39F7CF02960516200FC4DB3 /* Main.storyboard */,
				C39F7CF32960516400FC4DB3 /* Assets.xcassets */,
				C39F7CF52960516400FC4DB3 /* LaunchScreen.storyboard */,
				C39F7CF82960516400FC4DB3 /* Info.plist */,
			);
			path = "ecommerce@htu";
			sourceTree = "<group>";
		};
		C39F7D002960516400FC4DB3 /* ecommerce@htuTests */ = {
			isa = PBXGroup;
			children = (
				C39F7D012960516400FC4DB3 /* ecommerce_htuTests.swift */,
			);
			path = "ecommerce@htuTests";
			sourceTree = "<group>";
		};
		C39F7D0A2960516400FC4DB3 /* ecommerce@htuUITests */ = {
			isa = PBXGroup;
			children = (
				C39F7D0B2960516400FC4DB3 /* ecommerce_htuUITests.swift */,
				C39F7D0D2960516400FC4DB3 /* ecommerce_htuUITestsLaunchTests.swift */,
			);
			path = "ecommerce@htuUITests";
			sourceTree = "<group>";
		};
/* End PBXGroup section */

/* Begin PBXNativeTarget section */
		C39F7CE62960516200FC4DB3 /* ecommerce@htu */ = {
			isa = PBXNativeTarget;
			buildConfigurationList = C39F7D112960516400FC4DB3 /* Build configuration list for PBXNativeTarget "ecommerce@htu" */;
			buildPhases = (
				C39F7CE32960516200FC4DB3 /* Sources */,
				C39F7CE42960516200FC4DB3 /* Frameworks */,
				C39F7CE52960516200FC4DB3 /* Resources */,
			);
			buildRules = (
			);
			dependencies = (
			);
			name = "ecommerce@htu";
			productName = "ecommerce@htu";
			productReference = C39F7CE72960516200FC4DB3 /* ecommerce@htu.app */;
			productType = "com.apple.product-type.application";
		};
		C39F7CFC2960516400FC4DB3 /* ecommerce@htuTests */ = {
			isa = PBXNativeTarget;
			buildConfigurationList = C39F7D142960516400FC4DB3 /* Build configuration list for PBXNativeTarget "ecommerce@htuTests" */;
			buildPhases = (
				C39F7CF92960516400FC4DB3 /* Sources */,
				C39F7CFA2960516400FC4DB3 /* Frameworks */,
				C39F7CFB2960516400FC4DB3 /* Resources */,
			);
			buildRules = (
			);
			dependencies = (
				C39F7CFF2960516400FC4DB3 /* PBXTargetDependency */,
			);
			name = "ecommerce@htuTests";
			productName = "ecommerce@htuTests";
			productReference = C39F7CFD2960516400FC4DB3 /* ecommerce@htuTests.xctest */;
			productType = "com.apple.product-type.bundle.unit-test";
		};
		C39F7D062960516400FC4DB3 /* ecommerce@htuUITests */ = {
			isa = PBXNativeTarget;
			buildConfigurationList = C39F7D172960516400FC4DB3 /* Build configuration list for PBXNativeTarget "ecommerce@htuUITests" */;
			buildPhases = (
				C39F7D032960516400FC4DB3 /* Sources */,
				C39F7D042960516400FC4DB3 /* Frameworks */,
				C39F7D052960516400FC4DB3 /* Resources */,
			);
			buildRules = (
			);
			dependencies = (
				C39F7D092960516400FC4DB3 /* PBXTargetDependency */,
			);
			name = "ecommerce@htuUITests";
			productName = "ecommerce@htuUITests";
			productReference = C39F7D072960516400FC4DB3 /* ecommerce@htuUITests.xctest */;
			productType = "com.apple.product-type.bundle.ui-testing";
		};
/* End PBXNativeTarget section */

/* Begin PBXProject section */
		C39F7CDF2960516200FC4DB3 /* Project object */ = {
			isa = PBXProject;
			attributes = {
				BuildIndependentTargetsInParallel = 1;
				LastSwiftUpdateCheck = 1420;
				LastUpgradeCheck = 1420;
				TargetAttributes = {
					C39F7CE62960516200FC4DB3 = {
						CreatedOnToolsVersion = 14.2;
					};
					C39F7CFC2960516400FC4DB3 = {
						CreatedOnToolsVersion = 14.2;
						TestTargetID = C39F7CE62960516200FC4DB3;
					};
					C39F7D062960516400FC4DB3 = {
						CreatedOnToolsVersion = 14.2;
						TestTargetID = C39F7CE62960516200FC4DB3;
					};
				};
			};
			buildConfigurationList = C39F7CE22960516200FC4DB3 /* Build configuration list for PBXProject "ecommerce@htu" */;
			compatibilityVersion = "Xcode 14.0";
			developmentRegion = en;
			hasScannedForEncodings = 0;
			knownRegions = (
				en,
				Base,
			);
			mainGroup = C39F7CDE2960516200FC4DB3;
			productRefGroup = C39F7CE82960516200FC4DB3 /* Products */;
			projectDirPath = "";
			projectRoot = "";
			targets = (
				C39F7CE62960516200FC4DB3 /* ecommerce@htu */,
				C39F7CFC2960516400FC4DB3 /* ecommerce@htuTests */,
				C39F7D062960516400FC4DB3 /* ecommerce@htuUITests */,
			);
		};
/* End PBXProject section */

/* Begin PBXResourcesBuildPhase section */
		C39F7CE52960516200FC4DB3 /* Resources */ = {
			isa = PBXResourcesBuildPhase;
			buildActionMask = 2147483647;
			files = (
				C39F7CF72960516400FC4DB3 /* LaunchScreen.storyboard in Resources */,
				C39F7CF42960516400FC4DB3 /* Assets.xcassets in Resources */,
				C39F7CF22960516200FC4DB3 /* Main.storyboard in Resources */,
			);
			runOnlyForDeploymentPostprocessing = 0;
		};
		C39F7CFB2960516400FC4DB3 /* Resources */ = {
			isa = PBXResourcesBuildPhase;
			buildActionMask = 2147483647;
			files = (
			);
			runOnlyForDeploymentPostprocessing = 0;
		};
		C39F7D052960516400FC4DB3 /* Resources */ = {
			isa = PBXResourcesBuildPhase;
			buildActionMask = 2147483647;
			files = (
			);
			runOnlyForDeploymentPostprocessing = 0;
		};
/* End PBXResourcesBuildPhase section */

/* Begin PBXSourcesBuildPhase section */
		C39F7CE32960516200FC4DB3 /* Sources */ = {
			isa = PBXSourcesBuildPhase;
			buildActionMask = 2147483647;
			files = (
				C39F7CEF2960516200FC4DB3 /* ViewController.swift in Sources */,
				C39F7CEB2960516200FC4DB3 /* AppDelegate.swift in Sources */,
				C39F7CED2960516200FC4DB3 /* SceneDelegate.swift in Sources */,
			);
			runOnlyForDeploymentPostprocessing = 0;
		};
		C39F7CF92960516400FC4DB3 /* Sources */ = {
			isa = PBXSourcesBuildPhase;
			buildActionMask = 2147483647;
			files = (
				C39F7D022960516400FC4DB3 /* ecommerce_htuTests.swift in Sources */,
			);
			runOnlyForDeploymentPostprocessing = 0;
		};
		C39F7D032960516400FC4DB3 /* Sources */ = {
			isa = PBXSourcesBuildPhase;
			buildActionMask = 2147483647;
			files = (
				C39F7D0C2960516400FC4DB3 /* ecommerce_htuUITests.swift in Sources */,
				C39F7D0E2960516400FC4DB3 /* ecommerce_htuUITestsLaunchTests.swift in Sources */,
			);
			runOnlyForDeploymentPostprocessing = 0;
		};
/* End PBXSourcesBuildPhase section */

/* Begin PBXTargetDependency section */
		C39F7CFF2960516400FC4DB3 /* PBXTargetDependency */ = {
			isa = PBXTargetDependency;
			target = C39F7CE62960516200FC4DB3 /* ecommerce@htu */;
			targetProxy = C39F7CFE2960516400FC4DB3 /* PBXContainerItemProxy */;
		};
		C39F7D092960516400FC4DB3 /* PBXTargetDependency */ = {
			isa = PBXTargetDependency;
			target = C39F7CE62960516200FC4DB3 /* ecommerce@htu */;
			targetProxy = C39F7D082960516400FC4DB3 /* PBXContainerItemProxy */;
		};
/* End PBXTargetDependency section */

/* Begin PBXVariantGroup section */
		C39F7CF02960516200FC4DB3 /* Main.storyboard */ = {
			isa = PBXVariantGroup;
			children = (
				C39F7CF12960516200FC4DB3 /* Base */,
			);
			name = Main.storyboard;
			sourceTree = "<group>";
		};
		C39F7CF52960516400FC4DB3 /* LaunchScreen.storyboard */ = {
			isa = PBXVariantGroup;
			children = (
				C39F7CF62960516400FC4DB3 /* Base */,
			);
			name = LaunchScreen.storyboard;
			sourceTree = "<group>";
		};
/* End PBXVariantGroup section */

/* Begin XCBuildConfiguration section */
		C39F7D0F2960516400FC4DB3 /* Debug */ = {
			isa = XCBuildConfiguration;
			buildSettings = {
				ALWAYS_SEARCH_USER_PATHS = NO;
				CLANG_ANALYZER_NONNULL = YES;
				CLANG_ANALYZER_NUMBER_OBJECT_CONVERSION = YES_AGGRESSIVE;
				CLANG_CXX_LANGUAGE_STANDARD = "gnu++20";
				CLANG_ENABLE_MODULES = YES;
				CLANG_ENABLE_OBJC_ARC = YES;
				CLANG_ENABLE_OBJC_WEAK = YES;
				CLANG_WARN_BLOCK_CAPTURE_AUTORELEASING = YES;
				CLANG_WARN_BOOL_CONVERSION = YES;
				CLANG_WARN_COMMA = YES;
				CLANG_WARN_CONSTANT_CONVERSION = YES;
				CLANG_WARN_DEPRECATED_OBJC_IMPLEMENTATIONS = YES;
				CLANG_WARN_DIRECT_OBJC_ISA_USAGE = YES_ERROR;
				CLANG_WARN_DOCUMENTATION_COMMENTS = YES;
				CLANG_WARN_EMPTY_BODY = YES;
				CLANG_WARN_ENUM_CONVERSION = YES;
				CLANG_WARN_INFINITE_RECURSION = YES;
				CLANG_WARN_INT_CONVERSION = YES;
				CLANG_WARN_NON_LITERAL_NULL_CONVERSION = YES;
				CLANG_WARN_OBJC_IMPLICIT_RETAIN_SELF = YES;
				CLANG_WARN_OBJC_LITERAL_CONVERSION = YES;
				CLANG_WARN_OBJC_ROOT_CLASS = YES_ERROR;
				CLANG_WARN_QUOTED_INCLUDE_IN_FRAMEWORK_HEADER = YES;
				CLANG_WARN_RANGE_LOOP_ANALYSIS = YES;
				CLANG_WARN_STRICT_PROTOTYPES = YES;
				CLANG_WARN_SUSPICIOUS_MOVE = YES;
				CLANG_WARN_UNGUARDED_AVAILABILITY = YES_AGGRESSIVE;
				CLANG_WARN_UNREACHABLE_CODE = YES;
				CLANG_WARN__DUPLICATE_METHOD_MATCH = YES;
				COPY_PHASE_STRIP = NO;
				DEBUG_INFORMATION_FORMAT = dwarf;
				ENABLE_STRICT_OBJC_MSGSEND = YES;
				ENABLE_TESTABILITY = YES;
				GCC_C_LANGUAGE_STANDARD = gnu11;
				GCC_DYNAMIC_NO_PIC = NO;
				GCC_NO_COMMON_BLOCKS = YES;
				GCC_OPTIMIZATION_LEVEL = 0;
				GCC_PREPROCESSOR_DEFINITIONS = (
					"DEBUG=1",
					"$(inherited)",
				);
				GCC_WARN_64_TO_32_BIT_CONVERSION = YES;
				GCC_WARN_ABOUT_RETURN_TYPE = YES_ERROR;
				GCC_WARN_UNDECLARED_SELECTOR = YES;
				GCC_WARN_UNINITIALIZED_AUTOS = YES_AGGRESSIVE;
				GCC_WARN_UNUSED_FUNCTION = YES;
				GCC_WARN_UNUSED_VARIABLE = YES;
				IPHONEOS_DEPLOYMENT_TARGET = 16.2;
				MTL_ENABLE_DEBUG_INFO = INCLUDE_SOURCE;
				MTL_FAST_MATH = YES;
				ONLY_ACTIVE_ARCH = YES;
				SDKROOT = iphoneos;
				SWIFT_ACTIVE_COMPILATION_CONDITIONS = DEBUG;
				SWIFT_OPTIMIZATION_LEVEL = "-Onone";
			};
			name = Debug;
		};
		C39F7D102960516400FC4DB3 /* Release */ = {
			isa = XCBuildConfiguration;
			buildSettings = {
				ALWAYS_SEARCH_USER_PATHS = NO;
				CLANG_ANALYZER_NONNULL = YES;
				CLANG_ANALYZER_NUMBER_OBJECT_CONVERSION = YES_AGGRESSIVE;
				CLANG_CXX_LANGUAGE_STANDARD = "gnu++20";
				CLANG_ENABLE_MODULES = YES;
				CLANG_ENABLE_OBJC_ARC = YES;
				CLANG_ENABLE_OBJC_WEAK = YES;
				CLANG_WARN_BLOCK_CAPTURE_AUTORELEASING = YES;
				CLANG_WARN_BOOL_CONVERSION = YES;
				CLANG_WARN_COMMA = YES;
				CLANG_WARN_CONSTANT_CONVERSION = YES;
				CLANG_WARN_DEPRECATED_OBJC_IMPLEMENTATIONS = YES;
				CLANG_WARN_DIRECT_OBJC_ISA_USAGE = YES_ERROR;
				CLANG_WARN_DOCUMENTATION_COMMENTS = YES;
				CLANG_WARN_EMPTY_BODY = YES;
				CLANG_WARN_ENUM_CONVERSION = YES;
				CLANG_WARN_INFINITE_RECURSION = YES;
				CLANG_WARN_INT_CONVERSION = YES;
				CLANG_WARN_NON_LITERAL_NULL_CONVERSION = YES;
				CLANG_WARN_OBJC_IMPLICIT_RETAIN_SELF = YES;
				CLANG_WARN_OBJC_LITERAL_CONVERSION = YES;
				CLANG_WARN_OBJC_ROOT_CLASS = YES_ERROR;
				CLANG_WARN_QUOTED_INCLUDE_IN_FRAMEWORK_HEADER = YES;
				CLANG_WARN_RANGE_LOOP_ANALYSIS = YES;
				CLANG_WARN_STRICT_PROTOTYPES = YES;
				CLANG_WARN_SUSPICIOUS_MOVE = YES;
				CLANG_WARN_UNGUARDED_AVAILABILITY = YES_AGGRESSIVE;
				CLANG_WARN_UNREACHABLE_CODE = YES;
				CLANG_WARN__DUPLICATE_METHOD_MATCH = YES;
				COPY_PHASE_STRIP = NO;
				DEBUG_INFORMATION_FORMAT = "dwarf-with-dsym";
				ENABLE_NS_ASSERTIONS = NO;
				ENABLE_STRICT_OBJC_MSGSEND = YES;
				GCC_C_LANGUAGE_STANDARD = gnu11;
				GCC_NO_COMMON_BLOCKS = YES;
				GCC_WARN_64_TO_32_BIT_CONVERSION = YES;
				GCC_WARN_ABOUT_RETURN_TYPE = YES_ERROR;
				GCC_WARN_UNDECLARED_SELECTOR = YES;
				GCC_WARN_UNINITIALIZED_AUTOS = YES_AGGRESSIVE;
				GCC_WARN_UNUSED_FUNCTION = YES;
				GCC_WARN_UNUSED_VARIABLE = YES;
				IPHONEOS_DEPLOYMENT_TARGET = 16.2;
				MTL_ENABLE_DEBUG_INFO = NO;
				MTL_FAST_MATH = YES;
				SDKROOT = iphoneos;
				SWIFT_COMPILATION_MODE = wholemodule;
				SWIFT_OPTIMIZATION_LEVEL = "-O";
				VALIDATE_PRODUCT = YES;
			};
			name = Release;
		};
		C39F7D122960516400FC4DB3 /* Debug */ = {
			isa = XCBuildConfiguration;
			buildSettings = {
				ASSETCATALOG_COMPILER_APPICON_NAME = AppIcon;
				ASSETCATALOG_COMPILER_GLOBAL_ACCENT_COLOR_NAME = AccentColor;
				CODE_SIGN_STYLE = Automatic;
				CURRENT_PROJECT_VERSION = 1;
				GENERATE_INFOPLIST_FILE = YES;
				INFOPLIST_FILE = "ecommerce@htu/Info.plist";
				INFOPLIST_KEY_UIApplicationSupportsIndirectInputEvents = YES;
				INFOPLIST_KEY_UILaunchStoryboardName = LaunchScreen;
				INFOPLIST_KEY_UIMainStoryboardFile = Main;
				INFOPLIST_KEY_UISupportedInterfaceOrientations_iPad = "UIInterfaceOrientationPortrait UIInterfaceOrientationPortraitUpsideDown UIInterfaceOrientationLandscapeLeft UIInterfaceOrientationLandscapeRight";
				INFOPLIST_KEY_UISupportedInterfaceOrientations_iPhone = "UIInterfaceOrientationPortrait UIInterfaceOrientationLandscapeLeft UIInterfaceOrientationLandscapeRight";
				LD_RUNPATH_SEARCH_PATHS = (
					"$(inherited)",
					"@executable_path/Frameworks",
				);
				MARKETING_VERSION = 1.0;
				PRODUCT_BUNDLE_IDENTIFIER = "me.project.ecommerce-htu";
				PRODUCT_NAME = "$(TARGET_NAME)";
				SWIFT_EMIT_LOC_STRINGS = YES;
				SWIFT_VERSION = 5.0;
				TARGETED_DEVICE_FAMILY = "1,2";
			};
			name = Debug;
		};
		C39F7D132960516400FC4DB3 /* Release */ = {
			isa = XCBuildConfiguration;
			buildSettings = {
				ASSETCATALOG_COMPILER_APPICON_NAME = AppIcon;
				ASSETCATALOG_COMPILER_GLOBAL_ACCENT_COLOR_NAME = AccentColor;
				CODE_SIGN_STYLE = Automatic;
				CURRENT_PROJECT_VERSION = 1;
				GENERATE_INFOPLIST_FILE = YES;
				INFOPLIST_FILE = "ecommerce@htu/Info.plist";
				INFOPLIST_KEY_UIApplicationSupportsIndirectInputEvents = YES;
				INFOPLIST_KEY_UILaunchStoryboardName = LaunchScreen;
				INFOPLIST_KEY_UIMainStoryboardFile = Main;
				INFOPLIST_KEY_UISupportedInterfaceOrientations_iPad = "UIInterfaceOrientationPortrait UIInterfaceOrientationPortraitUpsideDown UIInterfaceOrientationLandscapeLeft UIInterfaceOrientationLandscapeRight";
				INFOPLIST_KEY_UISupportedInterfaceOrientations_iPhone = "UIInterfaceOrientationPortrait UIInterfaceOrientationLandscapeLeft UIInterfaceOrientationLandscapeRight";
				LD_RUNPATH_SEARCH_PATHS = (
					"$(inherited)",
					"@executable_path/Frameworks",
				);
				MARKETING_VERSION = 1.0;
				PRODUCT_BUNDLE_IDENTIFIER = "me.project.ecommerce-htu";
				PRODUCT_NAME = "$(TARGET_NAME)";
				SWIFT_EMIT_LOC_STRINGS = YES;
				SWIFT_VERSION = 5.0;
				TARGETED_DEVICE_FAMILY = "1,2";
			};
			name = Release;
		};
		C39F7D152960516400FC4DB3 /* Debug */ = {
			isa = XCBuildConfiguration;
			buildSettings = {
				ALWAYS_EMBED_SWIFT_STANDARD_LIBRARIES = YES;
				BUNDLE_LOADER = "$(TEST_HOST)";
				CODE_SIGN_STYLE = Automatic;
				CURRENT_PROJECT_VERSION = 1;
				GENERATE_INFOPLIST_FILE = YES;
				IPHONEOS_DEPLOYMENT_TARGET = 16.2;
				MARKETING_VERSION = 1.0;
				PRODUCT_BUNDLE_IDENTIFIER = "me.project.ecommerce-htuTests";
				PRODUCT_NAME = "$(TARGET_NAME)";
				SWIFT_EMIT_LOC_STRINGS = NO;
				SWIFT_VERSION = 5.0;
				TARGETED_DEVICE_FAMILY = "1,2";
				TEST_HOST = "$(BUILT_PRODUCTS_DIR)/ecommerce@htu.app/$(BUNDLE_EXECUTABLE_FOLDER_PATH)/ecommerce@htu";
			};
			name = Debug;
		};
		C39F7D162960516400FC4DB3 /* Release */ = {
			isa = XCBuildConfiguration;
			buildSettings = {
				ALWAYS_EMBED_SWIFT_STANDARD_LIBRARIES = YES;
				BUNDLE_LOADER = "$(TEST_HOST)";
				CODE_SIGN_STYLE = Automatic;
				CURRENT_PROJECT_VERSION = 1;
				GENERATE_INFOPLIST_FILE = YES;
				IPHONEOS_DEPLOYMENT_TARGET = 16.2;
				MARKETING_VERSION = 1.0;
				PRODUCT_BUNDLE_IDENTIFIER = "me.project.ecommerce-htuTests";
				PRODUCT_NAME = "$(TARGET_NAME)";
				SWIFT_EMIT_LOC_STRINGS = NO;
				SWIFT_VERSION = 5.0;
				TARGETED_DEVICE_FAMILY = "1,2";
				TEST_HOST = "$(BUILT_PRODUCTS_DIR)/ecommerce@htu.app/$(BUNDLE_EXECUTABLE_FOLDER_PATH)/ecommerce@htu";
			};
			name = Release;
		};
		C39F7D182960516400FC4DB3 /* Debug */ = {
			isa = XCBuildConfiguration;
			buildSettings = {
				ALWAYS_EMBED_SWIFT_STANDARD_LIBRARIES = YES;
				CODE_SIGN_STYLE = Automatic;
				CURRENT_PROJECT_VERSION = 1;
				GENERATE_INFOPLIST_FILE = YES;
				MARKETING_VERSION = 1.0;
				PRODUCT_BUNDLE_IDENTIFIER = "me.project.ecommerce-htuUITests";
				PRODUCT_NAME = "$(TARGET_NAME)";
				SWIFT_EMIT_LOC_STRINGS = NO;
				SWIFT_VERSION = 5.0;
				TARGETED_DEVICE_FAMILY = "1,2";
				TEST_TARGET_NAME = "ecommerce@htu";
			};
			name = Debug;
		};
		C39F7D192960516400FC4DB3 /* Release */ = {
			isa = XCBuildConfiguration;
			buildSettings = {
				ALWAYS_EMBED_SWIFT_STANDARD_LIBRARIES = YES;
				CODE_SIGN_STYLE = Automatic;
				CURRENT_PROJECT_VERSION = 1;
				GENERATE_INFOPLIST_FILE = YES;
				MARKETING_VERSION = 1.0;
				PRODUCT_BUNDLE_IDENTIFIER = "me.project.ecommerce-htuUITests";
				PRODUCT_NAME = "$(TARGET_NAME)";
				SWIFT_EMIT_LOC_STRINGS = NO;
				SWIFT_VERSION = 5.0;
				TARGETED_DEVICE_FAMILY = "1,2";
				TEST_TARGET_NAME = "ecommerce@htu";
			};
			name = Release;
		};
/* End XCBuildConfiguration section */

/* Begin XCConfigurationList section */
		C39F7CE22960516200FC4DB3 /* Build configuration list for PBXProject "ecommerce@htu" */ = {
			isa = XCConfigurationList;
			buildConfigurations = (
				C39F7D0F2960516400FC4DB3 /* Debug */,
				C39F7D102960516400FC4DB3 /* Release */,
			);
			defaultConfigurationIsVisible = 0;
			defaultConfigurationName = Release;
		};
		C39F7D112960516400FC4DB3 /* Build configuration list for PBXNativeTarget "ecommerce@htu" */ = {
			isa = XCConfigurationList;
			buildConfigurations = (
				C39F7D122960516400FC4DB3 /* Debug */,
				C39F7D132960516400FC4DB3 /* Release */,
			);
			defaultConfigurationIsVisible = 0;
			defaultConfigurationName = Release;
		};
		C39F7D142960516400FC4DB3 /* Build configuration list for PBXNativeTarget "ecommerce@htuTests" */ = {
			isa = XCConfigurationList;
			buildConfigurations = (
				C39F7D152960516400FC4DB3 /* Debug */,
				C39F7D162960516400FC4DB3 /* Release */,
			);
			defaultConfigurationIsVisible = 0;
			defaultConfigurationName = Release;
		};
		C39F7D172960516400FC4DB3 /* Build configuration list for PBXNativeTarget "ecommerce@htuUITests" */ = {
			isa = XCConfigurationList;
			buildConfigurations = (
				C39F7D182960516400FC4DB3 /* Debug */,
				C39F7D192960516400FC4DB3 /* Release */,
			);
			defaultConfigurationIsVisible = 0;
			defaultConfigurationName = Release;
		};
/* End XCConfigurationList section */
	};
	rootObject = C39F7CDF2960516200FC4DB3 /* Project object */;
}
